
Microsoft Visual Studio Solution File, Format Version 11.00
# Visual Studio 2010
Project("{2150E333-8FDC-42A3-9474-1A3956D46DE8}") = "Solution Items", "Solution Items", "{679D1341-DC28-4903-ABAE-F446127FC471}"
	ProjectSection(SolutionItems) = preProject
		LocalTestRun.testrunconfig = LocalTestRun.testrunconfig
		Tennis.vsmdi = Tennis.vsmdi
	EndProjectSection
EndProject
Project("{FAE04EC0-301F-11D3-BF4B-00C04F79EFBC}") = "TennisLibrary", "TennisLibrary\TennisLibrary.csproj", "{0B03B704-1344-4607-8AD8-85FD8F29A626}"
EndProject
Project("{FAE04EC0-301F-11D3-BF4B-00C04F79EFBC}") = "TennisTests", "TennisTests\TennisTests.csproj", "{778BBEFD-EDAE-4CC2-8776-7B6F197055BA}"
EndProject
Project("{FAE04EC0-301F-11D3-BF4B-00C04F79EFBC}") = "TennisWMC", "TennisWMC\TennisWMC.csproj", "{BD65B1A8-4949-41B8-BC46-EAE5DD895F3D}"
EndProject
Global
	GlobalSection(SubversionScc) = preSolution
		Svn-Managed = True
		Manager = AnkhSVN - Subversion Support for Visual Studio
	EndGlobalSection
	GlobalSection(TestCaseManagementSettings) = postSolution
		CategoryFile = Tennis.vsmdi
	EndGlobalSection
	GlobalSection(SolutionConfigurationPlatforms) = preSolution
		Debug|Any CPU = Debug|Any CPU
		Debug|Mixed Platforms = Debug|Mixed Platforms
		Debug|x86 = Debug|x86
		Release|Any CPU = Release|Any CPU
		Release|Mixed Platforms = Release|Mixed Platforms
		Release|x86 = Release|x86
	EndGlobalSection
	GlobalSection(ProjectConfigurationPlatforms) = postSolution
		{0B03B704-1344-4607-8AD8-85FD8F29A626}.Debug|Any CPU.ActiveCfg = Debug|Any CPU
		{0B03B704-1344-4607-8AD8-85FD8F29A626}.Debug|Any CPU.Build.0 = Debug|Any CPU
		{0B03B704-1344-4607-8AD8-85FD8F29A626}.Debug|Mixed Platforms.ActiveCfg = Debug|Any CPU
		{0B03B704-1344-4607-8AD8-85FD8F29A626}.Debug|Mixed Platforms.Build.0 = Debug|Any CPU
		{0B03B704-1344-4607-8AD8-85FD8F29A626}.Debug|x86.ActiveCfg = Debug|Any CPU
		{0B03B704-1344-4607-8AD8-85FD8F29A626}.Release|Any CPU.ActiveCfg = Release|Any CPU
		{0B03B704-1344-4607-8AD8-85FD8F29A626}.Release|Any CPU.Build.0 = Release|Any CPU
		{0B03B704-1344-4607-8AD8-85FD8F29A626}.Release|Mixed Platforms.ActiveCfg = Release|Any CPU
		{0B03B704-1344-4607-8AD8-85FD8F29A626}.Release|Mixed Platforms.Build.0 = Release|Any CPU
		{0B03B704-1344-4607-8AD8-85FD8F29A626}.Release|x86.ActiveCfg = Release|Any CPU
		{778BBEFD-EDAE-4CC2-8776-7B6F197055BA}.Debug|Any CPU.ActiveCfg = Debug|Any CPU
		{778BBEFD-EDAE-4CC2-8776-7B6F197055BA}.Debug|Any CPU.Build.0 = Debug|Any CPU
		{778BBEFD-EDAE-4CC2-8776-7B6F197055BA}.Debug|Mixed Platforms.ActiveCfg = Debug|Any CPU
		{778BBEFD-EDAE-4CC2-8776-7B6F197055BA}.Debug|Mixed Platforms.Build.0 = Debug|Any CPU
		{778BBEFD-EDAE-4CC2-8776-7B6F197055BA}.Debug|x86.ActiveCfg = Debug|Any CPU
		{778BBEFD-EDAE-4CC2-8776-7B6F197055BA}.Release|Any CPU.ActiveCfg = Release|Any CPU
		{778BBEFD-EDAE-4CC2-8776-7B6F197055BA}.Release|Any CPU.Build.0 = Release|Any CPU
		{778BBEFD-EDAE-4CC2-8776-7B6F197055BA}.Release|Mixed Platforms.ActiveCfg = Release|Any CPU
		{778BBEFD-EDAE-4CC2-8776-7B6F197055BA}.Release|Mixed Platforms.Build.0 = Release|Any CPU
		{778BBEFD-EDAE-4CC2-8776-7B6F197055BA}.Release|x86.ActiveCfg = Release|Any CPU
		{BD65B1A8-4949-41B8-BC46-EAE5DD895F3D}.Debug|Any CPU.ActiveCfg = Debug|Any CPU
		{BD65B1A8-4949-41B8-BC46-EAE5DD895F3D}.Debug|Any CPU.Build.0 = Debug|Any CPU
		{BD65B1A8-4949-41B8-BC46-EAE5DD895F3D}.Debug|Mixed Platforms.ActiveCfg = Debug|Any CPU
		{BD65B1A8-4949-41B8-BC46-EAE5DD895F3D}.Debug|Mixed Platforms.Build.0 = Debug|Any CPU
		{BD65B1A8-4949-41B8-BC46-EAE5DD895F3D}.Debug|x86.ActiveCfg = Debug|Any CPU
		{BD65B1A8-4949-41B8-BC46-EAE5DD895F3D}.Release|Any CPU.ActiveCfg = Release|Any CPU
		{BD65B1A8-4949-41B8-BC46-EAE5DD895F3D}.Release|Any CPU.Build.0 = Release|Any CPU
		{BD65B1A8-4949-41B8-BC46-EAE5DD895F3D}.Release|Mixed Platforms.ActiveCfg = Release|Any CPU
		{BD65B1A8-4949-41B8-BC46-EAE5DD895F3D}.Release|Mixed Platforms.Build.0 = Release|Any CPU
		{BD65B1A8-4949-41B8-BC46-EAE5DD895F3D}.Release|x86.ActiveCfg = Release|Any CPU
	EndGlobalSection
	GlobalSection(SolutionProperties) = preSolution
		HideSolutionNode = FALSE
	EndGlobalSection
EndGlobal
